
Microsoft Visual Studio Solution File, Format Version 12.00
# Visual Studio Version 16
VisualStudioVersion = 16.0.35425.106
MinimumVisualStudioVersion = 10.0.40219.1
Project("{9A19103F-16F7-4668-BE54-9A1E7A4F7556}") = "MonsterTCG", "MonsterTCG\MonsterTCG.csproj", "{5F409120-2794-4AAF-9AA6-57011E562439}"
EndProject
Project("{9A19103F-16F7-4668-BE54-9A1E7A4F7556}") = "MonsterTCG-Test", "MonsterTCG-Test\MonsterTCG-Test\MonsterTCG-Test.csproj", "{D31A3C27-98F5-49CE-8ECD-F9948DB5011B}"
EndProject
Global
	GlobalSection(SolutionConfigurationPlatforms) = preSolution
		Debug|Any CPU = Debug|Any CPU
		Release|Any CPU = Release|Any CPU
	EndGlobalSection
	GlobalSection(ProjectConfigurationPlatforms) = postSolution
		{5F409120-2794-4AAF-9AA6-57011E562439}.Debug|Any CPU.ActiveCfg = Debug|Any CPU
		{5F409120-2794-4AAF-9AA6-57011E562439}.Debug|Any CPU.Build.0 = Debug|Any CPU
		{5F409120-2794-4AAF-9AA6-57011E562439}.Release|Any CPU.ActiveCfg = Release|Any CPU
		{5F409120-2794-4AAF-9AA6-57011E562439}.Release|Any CPU.Build.0 = Release|Any CPU
		{D31A3C27-98F5-49CE-8ECD-F9948DB5011B}.Debug|Any CPU.ActiveCfg = Debug|Any CPU
		{D31A3C27-98F5-49CE-8ECD-F9948DB5011B}.Debug|Any CPU.Build.0 = Debug|Any CPU
		{D31A3C27-98F5-49CE-8ECD-F9948DB5011B}.Release|Any CPU.ActiveCfg = Release|Any CPU
		{D31A3C27-98F5-49CE-8ECD-F9948DB5011B}.Release|Any CPU.Build.0 = Release|Any CPU
	EndGlobalSection
	GlobalSection(SolutionProperties) = preSolution
		HideSolutionNode = FALSE
	EndGlobalSection
	GlobalSection(ExtensibilityGlobals) = postSolution
		SolutionGuid = {A0FFD447-4F07-404B-8099-E17E159A14A3}
	EndGlobalSection
EndGlobal
